{
	"name": "ckeditor-dev",
	"version": "4.11.2",
	"lockfileVersion": 1,
	"requires": true,
	"dependencies": {
		"ckeditor-codemirror-plugin": {
			"version": "github:w8tcha/CKEditor-CodeMirror-Plugin#155f4a1c0109b6c8e415346a4779d75becbd7144",
			"from": "github:w8tcha/CKEditor-CodeMirror-Plugin#v1.17.10"
		},
		"ckeditor-wordcount-plugin": {
			"version": "github:w8tcha/CKEditor-WordCount-Plugin#c3acbc7ee919ba8d65d491f2d25c249566f96938",
			"from": "github:w8tcha/CKEditor-WordCount-Plugin#v1.17.4"
		},
		"ckeditor-youtube-plugin": {
			"version": "2.1.13",
			"resolved": "https://maven.onehippo.com/content/groups/npm-all/ckeditor-youtube-plugin/-/ckeditor-youtube-plugin-2.1.13.tgz",
			"integrity": "sha512-V6EQjXtDzp1p4eGmkYHk1+YAwT76oWC9804W8+COBhRn6NlwPRahgVv7VTsSoahb9CPIaTb7QNdFNpUIP2BoIg=="
		},
		"hippo-ckeditor-textselection-plugin": {
			"version": "1.6.1",
			"resolved": "https://maven.onehippo.com/content/groups/npm-all/hippo-ckeditor-textselection-plugin/-/hippo-ckeditor-textselection-plugin-1.6.1.tgz",
			"integrity": "sha512-8X73DnM63IgLF+16J7PKnMq5q1tF+yKS8Ncwz9Hl4AeEEOO2l8n7YI1aKkR8eaX+I5NcumxGTPRdgnI74foj0w=="
		}
	}
}
