{
  "name": "ckeditor4-dev",
  "version": "4.19.0",
  "lockfileVersion": 2,
  "requires": true,
  "packages": {
    "": {
      "name": "ckeditor4-dev",
      "version": "4.19.0",
      "license": "(GPL-2.0-or-later OR LGPL-2.1-or-later OR MPL-1.1-or-later)",
      "dependencies": {
        "ckeditor-codemirror-plugin": "github:w8tcha/CKEditor-CodeMirror-Plugin#v1.17.10",
        "ckeditor-textselection-plugin": "github:w8tcha/CKEditor-TextSelection-Plugin#42beb1fd401d292487bbde319086d3b662340589",
        "ckeditor-wordcount-plugin": "github:w8tcha/CKEditor-WordCount-Plugin#v1.17.8",
        "ckeditor-youtube-plugin": "2.1.19"
      },
      "engines": {
        "node": ">=14",
        "npm": ">=7"
      }
    },
    "node_modules/ckeditor-codemirror-plugin": {
      "version": "1.17.3",
      "resolved": "git+ssh://git@github.com/w8tcha/CKEditor-CodeMirror-Plugin.git#155f4a1c0109b6c8e415346a4779d75becbd7144",
      "integrity": "sha512-BwCzxbpBkMQYwU8SRBcyKrRTejm+ErwdlVrCS8pT8anB7YtpXV/z4N9FMGemENNt85hCUGTZk3JhlGZ7k1Whtw=="
    },
    "node_modules/ckeditor-textselection-plugin": {
      "version": "1.8.0",
      "resolved": "git+ssh://git@github.com/w8tcha/CKEditor-TextSelection-Plugin.git#42beb1fd401d292487bbde319086d3b662340589",
      "integrity": "sha512-lJgN+TKJiYM1cv7IqD3ex1IB4tDMFTG5ROU8+chwkhcP0WGOHm51MiPsxGZeV5/Xt6eUhYyDxbOilOlrizuw2g==",
      "license": "MIT"
    },
    "node_modules/ckeditor-wordcount-plugin": {
      "version": "1.17.8",
      "resolved": "git+ssh://git@github.com/w8tcha/CKEditor-WordCount-Plugin.git#c999df7c361d27d581fca460a6ac6c1082f3e0e2",
      "integrity": "sha512-MMCMiRw7uStVGGBYrxYW4KVKSeDSUEHdV6pJ24UWDOA3YvERjKmZ77kGAQCI+Mh+ay/u35lRTRBerrax7nlrTA=="
    },
    "node_modules/ckeditor-youtube-plugin": {
      "version": "2.1.19",
      "resolved": "https://registry.npmjs.org/ckeditor-youtube-plugin/-/ckeditor-youtube-plugin-2.1.19.tgz",
      "integrity": "sha512-5+4DNBEFa7qspX7exbDR8QSf6mU+kzyY6WhrLT2S1mxWRqNgC4PvVvs92gHHiLGR3cjylYPGOHu+agRlSsItsw=="
    }
  },
  "dependencies": {
    "ckeditor-codemirror-plugin": {
      "version": "git+ssh://git@github.com/w8tcha/CKEditor-CodeMirror-Plugin.git#155f4a1c0109b6c8e415346a4779d75becbd7144",
      "integrity": "sha512-BwCzxbpBkMQYwU8SRBcyKrRTejm+ErwdlVrCS8pT8anB7YtpXV/z4N9FMGemENNt85hCUGTZk3JhlGZ7k1Whtw==",
      "from": "ckeditor-codemirror-plugin@github:w8tcha/CKEditor-CodeMirror-Plugin#v1.17.10"
    },
    "ckeditor-textselection-plugin": {
      "version": "git+ssh://git@github.com/w8tcha/CKEditor-TextSelection-Plugin.git#42beb1fd401d292487bbde319086d3b662340589",
      "integrity": "sha512-lJgN+TKJiYM1cv7IqD3ex1IB4tDMFTG5ROU8+chwkhcP0WGOHm51MiPsxGZeV5/Xt6eUhYyDxbOilOlrizuw2g==",
      "from": "ckeditor-textselection-plugin@github:w8tcha/CKEditor-TextSelection-Plugin#42beb1fd401d292487bbde319086d3b662340589"
    },
    "ckeditor-wordcount-plugin": {
      "version": "git+ssh://git@github.com/w8tcha/CKEditor-WordCount-Plugin.git#c999df7c361d27d581fca460a6ac6c1082f3e0e2",
      "integrity": "sha512-MMCMiRw7uStVGGBYrxYW4KVKSeDSUEHdV6pJ24UWDOA3YvERjKmZ77kGAQCI+Mh+ay/u35lRTRBerrax7nlrTA==",
      "from": "ckeditor-wordcount-plugin@github:w8tcha/CKEditor-WordCount-Plugin#v1.17.8"
    },
    "ckeditor-youtube-plugin": {
      "version": "2.1.19",
      "resolved": "https://registry.npmjs.org/ckeditor-youtube-plugin/-/ckeditor-youtube-plugin-2.1.19.tgz",
      "integrity": "sha512-5+4DNBEFa7qspX7exbDR8QSf6mU+kzyY6WhrLT2S1mxWRqNgC4PvVvs92gHHiLGR3cjylYPGOHu+agRlSsItsw=="
    }
  }
}
