{
	"name": "ckeditor4-dev",
	"version": "4.16.0",
	"lockfileVersion": 1,
	"requires": true,
	"dependencies": {
		"ckeditor-codemirror-plugin": {
			"version": "github:w8tcha/CKEditor-CodeMirror-Plugin#155f4a1c0109b6c8e415346a4779d75becbd7144",
			"from": "github:w8tcha/CKEditor-CodeMirror-Plugin#v1.17.10"
		},
		"ckeditor-textselection-plugin": {
			"version": "github:w8tcha/CKEditor-TextSelection-Plugin#42beb1fd401d292487bbde319086d3b662340589",
			"from": "github:w8tcha/CKEditor-TextSelection-Plugin#42beb1fd401d292487bbde319086d3b662340589"
		},
		"ckeditor-wordcount-plugin": {
			"version": "github:w8tcha/CKEditor-WordCount-Plugin#c999df7c361d27d581fca460a6ac6c1082f3e0e2",
			"from": "github:w8tcha/CKEditor-WordCount-Plugin#v1.17.8"
		},
		"ckeditor-youtube-plugin": {
			"version": "2.1.19",
			"resolved": "https://registry.npmjs.org/ckeditor-youtube-plugin/-/ckeditor-youtube-plugin-2.1.19.tgz",
			"integrity": "sha512-5+4DNBEFa7qspX7exbDR8QSf6mU+kzyY6WhrLT2S1mxWRqNgC4PvVvs92gHHiLGR3cjylYPGOHu+agRlSsItsw=="
		}
	}
}
